
Microsoft Visual Studio Solution File, Format Version 12.00
# Visual Studio Version 16
VisualStudioVersion = 16.0.29409.12
MinimumVisualStudioVersion = 10.0.40219.1
Project("{9A19103F-16F7-4668-BE54-9A1E7A4F7556}") = "Conter.Services.Agents.Api", "Conter.Agents.Api\Conter.Services.Agents.Api.csproj", "{C3596655-0AFA-4CD9-867F-B926FD6C1265}"
EndProject
Project("{FAE04EC0-301F-11D3-BF4B-00C04F79EFBC}") = "Conter.Services.Agents.Core", "Conter.Services.Agents.Core\Conter.Services.Agents.Core.csproj", "{1811458E-FED0-4F65-9160-D2F3AE2D4D56}"
EndProject
Project("{2150E333-8FDC-42A3-9474-1A3956D46DE8}") = "src", "src", "{DABBAFA8-BF05-45C3-B9D6-F57829BCD12C}"
EndProject
Global
	GlobalSection(SolutionConfigurationPlatforms) = preSolution
		Debug|Any CPU = Debug|Any CPU
		Release|Any CPU = Release|Any CPU
	EndGlobalSection
	GlobalSection(ProjectConfigurationPlatforms) = postSolution
		{C3596655-0AFA-4CD9-867F-B926FD6C1265}.Debug|Any CPU.ActiveCfg = Debug|Any CPU
		{C3596655-0AFA-4CD9-867F-B926FD6C1265}.Debug|Any CPU.Build.0 = Debug|Any CPU
		{C3596655-0AFA-4CD9-867F-B926FD6C1265}.Release|Any CPU.ActiveCfg = Release|Any CPU
		{C3596655-0AFA-4CD9-867F-B926FD6C1265}.Release|Any CPU.Build.0 = Release|Any CPU
		{1811458E-FED0-4F65-9160-D2F3AE2D4D56}.Debug|Any CPU.ActiveCfg = Debug|Any CPU
		{1811458E-FED0-4F65-9160-D2F3AE2D4D56}.Debug|Any CPU.Build.0 = Debug|Any CPU
		{1811458E-FED0-4F65-9160-D2F3AE2D4D56}.Release|Any CPU.ActiveCfg = Release|Any CPU
		{1811458E-FED0-4F65-9160-D2F3AE2D4D56}.Release|Any CPU.Build.0 = Release|Any CPU
	EndGlobalSection
	GlobalSection(SolutionProperties) = preSolution
		HideSolutionNode = FALSE
	EndGlobalSection
	GlobalSection(NestedProjects) = preSolution
		{C3596655-0AFA-4CD9-867F-B926FD6C1265} = {DABBAFA8-BF05-45C3-B9D6-F57829BCD12C}
		{1811458E-FED0-4F65-9160-D2F3AE2D4D56} = {DABBAFA8-BF05-45C3-B9D6-F57829BCD12C}
	EndGlobalSection
	GlobalSection(ExtensibilityGlobals) = postSolution
		SolutionGuid = {DD4354BD-DCF3-4E5A-94CA-F7FB50319005}
	EndGlobalSection
EndGlobal
